
Microsoft Visual Studio Solution File, Format Version 12.00
# Visual Studio 15
VisualStudioVersion = 15.0.26730.10
MinimumVisualStudioVersion = 10.0.40219.1
Project("{9A19103F-16F7-4668-BE54-9A1E7A4F7556}") = "DownloadMananger.Tests", "DownloadMananger.Tests\DownloadMananger.Tests.csproj", "{26C765B0-5746-4EC4-AFA9-40B2B7F61E00}"
EndProject
Project("{FAE04EC0-301F-11D3-BF4B-00C04F79EFBC}") = "DownloadManager", "DownloadManager\DownloadManager.csproj", "{73506BB4-8CA8-418E-9A88-C2E6BEE9CA39}"
EndProject
Global
	GlobalSection(SolutionConfigurationPlatforms) = preSolution
		Debug|Any CPU = Debug|Any CPU
		Release|Any CPU = Release|Any CPU
	EndGlobalSection
	GlobalSection(ProjectConfigurationPlatforms) = postSolution
		{26C765B0-5746-4EC4-AFA9-40B2B7F61E00}.Debug|Any CPU.ActiveCfg = Debug|Any CPU
		{26C765B0-5746-4EC4-AFA9-40B2B7F61E00}.Debug|Any CPU.Build.0 = Debug|Any CPU
		{26C765B0-5746-4EC4-AFA9-40B2B7F61E00}.Release|Any CPU.ActiveCfg = Release|Any CPU
		{26C765B0-5746-4EC4-AFA9-40B2B7F61E00}.Release|Any CPU.Build.0 = Release|Any CPU
		{73506BB4-8CA8-418E-9A88-C2E6BEE9CA39}.Debug|Any CPU.ActiveCfg = Debug|Any CPU
		{73506BB4-8CA8-418E-9A88-C2E6BEE9CA39}.Debug|Any CPU.Build.0 = Debug|Any CPU
		{73506BB4-8CA8-418E-9A88-C2E6BEE9CA39}.Release|Any CPU.ActiveCfg = Release|Any CPU
		{73506BB4-8CA8-418E-9A88-C2E6BEE9CA39}.Release|Any CPU.Build.0 = Release|Any CPU
	EndGlobalSection
	GlobalSection(SolutionProperties) = preSolution
		HideSolutionNode = FALSE
	EndGlobalSection
	GlobalSection(ExtensibilityGlobals) = postSolution
		SolutionGuid = {5F018CFE-ADA3-4A3E-A1D3-9201971E01F0}
	EndGlobalSection
EndGlobal
